// !$*UTF8*$!
{
	archiveVersion = 1;
	classes = {
	};
	objectVersion = 46;
	objects = {

/* Begin PBXBuildFile section */
		00C302E51ABCBA2D00DB3ED1 /* libRCTActionSheet.a in Frameworks */ = {isa = PBXBuildFile; fileRef = 00C302AC1ABCB8CE00DB3ED1 /* libRCTActionSheet.a */; };
		00C302E71ABCBA2D00DB3ED1 /* libRCTGeolocation.a in Frameworks */ = {isa = PBXBuildFile; fileRef = 00C302BA1ABCB90400DB3ED1 /* libRCTGeolocation.a */; };
		00C302E81ABCBA2D00DB3ED1 /* libRCTImage.a in Frameworks */ = {isa = PBXBuildFile; fileRef = 00C302C01ABCB91800DB3ED1 /* libRCTImage.a */; };
		00C302E91ABCBA2D00DB3ED1 /* libRCTNetwork.a in Frameworks */ = {isa = PBXBuildFile; fileRef = 00C302DC1ABCB9D200DB3ED1 /* libRCTNetwork.a */; };
		00C302EA1ABCBA2D00DB3ED1 /* libRCTVibration.a in Frameworks */ = {isa = PBXBuildFile; fileRef = 00C302E41ABCB9EE00DB3ED1 /* libRCTVibration.a */; };
		00E356F31AD99517003FC87E /* ButtonComponentExampleTests.m in Sources */ = {isa = PBXBuildFile; fileRef = 00E356F21AD99517003FC87E /* ButtonComponentExampleTests.m */; };
		133E29F31AD74F7200F7D852 /* libRCTLinking.a in Frameworks */ = {isa = PBXBuildFile; fileRef = 78C398B91ACF4ADC00677621 /* libRCTLinking.a */; };
		139105C61AF99C1200B5F7CC /* libRCTSettings.a in Frameworks */ = {isa = PBXBuildFile; fileRef = 139105C11AF99BAD00B5F7CC /* libRCTSettings.a */; };
		139FDEF61B0652A700C62182 /* libRCTWebSocket.a in Frameworks */ = {isa = PBXBuildFile; fileRef = 139FDEF41B06529B00C62182 /* libRCTWebSocket.a */; };
		13B07FBC1A68108700A75B9A /* AppDelegate.m in Sources */ = {isa = PBXBuildFile; fileRef = 13B07FB01A68108700A75B9A /* AppDelegate.m */; };
		13B07FBD1A68108700A75B9A /* LaunchScreen.xib in Resources */ = {isa = PBXBuildFile; fileRef = 13B07FB11A68108700A75B9A /* LaunchScreen.xib */; };
		13B07FBF1A68108700A75B9A /* Images.xcassets in Resources */ = {isa = PBXBuildFile; fileRef = 13B07FB51A68108700A75B9A /* Images.xcassets */; };
		13B07FC11A68108700A75B9A /* main.m in Sources */ = {isa = PBXBuildFile; fileRef = 13B07FB71A68108700A75B9A /* main.m */; };
		140ED2AC1D01E1AD002B40FF /* libReact.a in Frameworks */ = {isa = PBXBuildFile; fileRef = 146834041AC3E56700842450 /* libReact.a */; };
		146834051AC3E58100842450 /* libReact.a in Frameworks */ = {isa = PBXBuildFile; fileRef = 146834041AC3E56700842450 /* libReact.a */; };
		2EB6785E7E6740C3A5CB80BA /* Octicons.ttf in Resources */ = {isa = PBXBuildFile; fileRef = 54292FE0102243E087635E71 /* Octicons.ttf */; };
		34E21A035992437E86638CD1 /* libRNVectorIcons.a in Frameworks */ = {isa = PBXBuildFile; fileRef = AB8CC15CF8DD4586B44BCBF2 /* libRNVectorIcons.a */; };
		461AA65BA5744C1DB28486B1 /* Zocial.ttf in Resources */ = {isa = PBXBuildFile; fileRef = 9801950B38E6476988031F74 /* Zocial.ttf */; };
		720A3DD96882467E862BCBCF /* Ionicons.ttf in Resources */ = {isa = PBXBuildFile; fileRef = 4C0E71C85CF945DCBEC261A0 /* Ionicons.ttf */; };
		832341BD1AAA6AB300B99B32 /* libRCTText.a in Frameworks */ = {isa = PBXBuildFile; fileRef = 832341B51AAA6A8300B99B32 /* libRCTText.a */; };
		A9561B7FD1E5431FB3CF2A02 /* libRNSpinkit.a in Frameworks */ = {isa = PBXBuildFile; fileRef = 2C4916CEB29444228F463D39 /* libRNSpinkit.a */; };
		B76167421D5CD6CC0013E887 /* libART.a in Frameworks */ = {isa = PBXBuildFile; fileRef = B76167361D5CD6630013E887 /* libART.a */; };
		B76F2CF21D5DECA600BF87F1 /* main.jsbundle in Resources */ = {isa = PBXBuildFile; fileRef = B76F2CF11D5DECA600BF87F1 /* main.jsbundle */; };
		C1571693096C4216B3EA4C68 /* EvilIcons.ttf in Resources */ = {isa = PBXBuildFile; fileRef = 1731C42D111248BA921DAFAE /* EvilIcons.ttf */; };
		CF3CA7C2F8284ADD89C9E846 /* libBVLinearGradient.a in Frameworks */ = {isa = PBXBuildFile; fileRef = 0F7C4CBA99164B1292CC9C4A /* libBVLinearGradient.a */; };
		D94DB1B4328D4D169333EC0B /* Foundation.ttf in Resources */ = {isa = PBXBuildFile; fileRef = D0FEE3B5FCD44C8CBEA1226C /* Foundation.ttf */; };
		E6FA3E460DE240169027B2F9 /* MaterialIcons.ttf in Resources */ = {isa = PBXBuildFile; fileRef = 1C537F01680641C19A025067 /* MaterialIcons.ttf */; };
		F16D506BA0974F23A7FC0698 /* Entypo.ttf in Resources */ = {isa = PBXBuildFile; fileRef = BDFC5A8A00FC4775A2239CA5 /* Entypo.ttf */; };
		FCE8CEDD2DD84D32B57E651D /* FontAwesome.ttf in Resources */ = {isa = PBXBuildFile; fileRef = E672FA9B13C645C1B9ADCAC8 /* FontAwesome.ttf */; };
/* End PBXBuildFile section */

/* Begin PBXContainerItemProxy section */
		00C302AB1ABCB8CE00DB3ED1 /* PBXContainerItemProxy */ = {
			isa = PBXContainerItemProxy;
			containerPortal = 00C302A71ABCB8CE00DB3ED1 /* RCTActionSheet.xcodeproj */;
			proxyType = 2;
			remoteGlobalIDString = 134814201AA4EA6300B7C361;
			remoteInfo = RCTActionSheet;
		};
		00C302B91ABCB90400DB3ED1 /* PBXContainerItemProxy */ = {
			isa = PBXContainerItemProxy;
			containerPortal = 00C302B51ABCB90400DB3ED1 /* RCTGeolocation.xcodeproj */;
			proxyType = 2;
			remoteGlobalIDString = 134814201AA4EA6300B7C361;
			remoteInfo = RCTGeolocation;
		};
		00C302BF1ABCB91800DB3ED1 /* PBXContainerItemProxy */ = {
			isa = PBXContainerItemProxy;
			containerPortal = 00C302BB1ABCB91800DB3ED1 /* RCTImage.xcodeproj */;
			proxyType = 2;
			remoteGlobalIDString = 58B5115D1A9E6B3D00147676;
			remoteInfo = RCTImage;
		};
		00C302DB1ABCB9D200DB3ED1 /* PBXContainerItemProxy */ = {
			isa = PBXContainerItemProxy;
			containerPortal = 00C302D31ABCB9D200DB3ED1 /* RCTNetwork.xcodeproj */;
			proxyType = 2;
			remoteGlobalIDString = 58B511DB1A9E6C8500147676;
			remoteInfo = RCTNetwork;
		};
		00C302E31ABCB9EE00DB3ED1 /* PBXContainerItemProxy */ = {
			isa = PBXContainerItemProxy;
			containerPortal = 00C302DF1ABCB9EE00DB3ED1 /* RCTVibration.xcodeproj */;
			proxyType = 2;
			remoteGlobalIDString = 832C81801AAF6DEF007FA2F7;
			remoteInfo = RCTVibration;
		};
		00E356F41AD99517003FC87E /* PBXContainerItemProxy */ = {
			isa = PBXContainerItemProxy;
			containerPortal = 83CBB9F71A601CBA00E9B192 /* Project object */;
			proxyType = 1;
			remoteGlobalIDString = 13B07F861A680F5B00A75B9A;
			remoteInfo = ButtonComponentExample;
		};
		139105C01AF99BAD00B5F7CC /* PBXContainerItemProxy */ = {
			isa = PBXContainerItemProxy;
			containerPortal = 139105B61AF99BAD00B5F7CC /* RCTSettings.xcodeproj */;
			proxyType = 2;
			remoteGlobalIDString = 134814201AA4EA6300B7C361;
			remoteInfo = RCTSettings;
		};
		139FDEF31B06529B00C62182 /* PBXContainerItemProxy */ = {
			isa = PBXContainerItemProxy;
			containerPortal = 139FDEE61B06529A00C62182 /* RCTWebSocket.xcodeproj */;
			proxyType = 2;
			remoteGlobalIDString = 3C86DF461ADF2C930047B81A;
			remoteInfo = RCTWebSocket;
		};
		146834031AC3E56700842450 /* PBXContainerItemProxy */ = {
			isa = PBXContainerItemProxy;
			containerPortal = 146833FF1AC3E56700842450 /* React.xcodeproj */;
			proxyType = 2;
			remoteGlobalIDString = 83CBBA2E1A601D0E00E9B192;
			remoteInfo = React;
		};
		78C398B81ACF4ADC00677621 /* PBXContainerItemProxy */ = {
			isa = PBXContainerItemProxy;
			containerPortal = 78C398B01ACF4ADC00677621 /* RCTLinking.xcodeproj */;
			proxyType = 2;
			remoteGlobalIDString = 134814201AA4EA6300B7C361;
			remoteInfo = RCTLinking;
		};
		832341B41AAA6A8300B99B32 /* PBXContainerItemProxy */ = {
			isa = PBXContainerItemProxy;
			containerPortal = 832341B01AAA6A8300B99B32 /* RCTText.xcodeproj */;
			proxyType = 2;
			remoteGlobalIDString = 58B5119B1A9E6C1200147676;
			remoteInfo = RCTText;
		};
		B753D6B71D6C9E050006C273 /* PBXContainerItemProxy */ = {
			isa = PBXContainerItemProxy;
			containerPortal = 63B829E53A8846DBA8DE012D /* RNVectorIcons.xcodeproj */;
			proxyType = 2;
			remoteGlobalIDString = 5DBEB1501B18CEA900B34395;
			remoteInfo = RNVectorIcons;
		};
		B76167351D5CD6630013E887 /* PBXContainerItemProxy */ = {
			isa = PBXContainerItemProxy;
			containerPortal = B76167311D5CD6630013E887 /* ART.xcodeproj */;
			proxyType = 2;
			remoteGlobalIDString = 0CF68AC11AF0540F00FF9E5C;
			remoteInfo = ART;
		};
		B76F2CEF1D5DAB0900BF87F1 /* PBXContainerItemProxy */ = {
			isa = PBXContainerItemProxy;
			containerPortal = 5148015667974B2AAC0A110C /* RNSpinkit.xcodeproj */;
			proxyType = 2;
			remoteGlobalIDString = D42CB3511B2538DE00FD0AE2;
			remoteInfo = RNSpinkit;
		};
		B77EAADA1D56537E00B5FDA8 /* PBXContainerItemProxy */ = {
			isa = PBXContainerItemProxy;
			containerPortal = F46C2435F00740579C8485AE /* BVLinearGradient.xcodeproj */;
			proxyType = 2;
			remoteGlobalIDString = 134814201AA4EA6300B7C361;
			remoteInfo = BVLinearGradient;
		};
/* End PBXContainerItemProxy section */

/* Begin PBXFileReference section */
		00C302A71ABCB8CE00DB3ED1 /* RCTActionSheet.xcodeproj */ = {isa = PBXFileReference; lastKnownFileType = "wrapper.pb-project"; name = RCTActionSheet.xcodeproj; path = "../node_modules/react-native/Libraries/ActionSheetIOS/RCTActionSheet.xcodeproj"; sourceTree = "<group>"; };
		00C302B51ABCB90400DB3ED1 /* RCTGeolocation.xcodeproj */ = {isa = PBXFileReference; lastKnownFileType = "wrapper.pb-project"; name = RCTGeolocation.xcodeproj; path = "../node_modules/react-native/Libraries/Geolocation/RCTGeolocation.xcodeproj"; sourceTree = "<group>"; };
		00C302BB1ABCB91800DB3ED1 /* RCTImage.xcodeproj */ = {isa = PBXFileReference; lastKnownFileType = "wrapper.pb-project"; name = RCTImage.xcodeproj; path = "../node_modules/react-native/Libraries/Image/RCTImage.xcodeproj"; sourceTree = "<group>"; };
		00C302D31ABCB9D200DB3ED1 /* RCTNetwork.xcodeproj */ = {isa = PBXFileReference; lastKnownFileType = "wrapper.pb-project"; name = RCTNetwork.xcodeproj; path = "../node_modules/react-native/Libraries/Network/RCTNetwork.xcodeproj"; sourceTree = "<group>"; };
		00C302DF1ABCB9EE00DB3ED1 /* RCTVibration.xcodeproj */ = {isa = PBXFileReference; lastKnownFileType = "wrapper.pb-project"; name = RCTVibration.xcodeproj; path = "../node_modules/react-native/Libraries/Vibration/RCTVibration.xcodeproj"; sourceTree = "<group>"; };
		00E356EE1AD99517003FC87E /* ButtonComponentExampleTests.xctest */ = {isa = PBXFileReference; explicitFileType = wrapper.cfbundle; includeInIndex = 0; path = ButtonComponentExampleTests.xctest; sourceTree = BUILT_PRODUCTS_DIR; };
		00E356F11AD99517003FC87E /* Info.plist */ = {isa = PBXFileReference; lastKnownFileType = text.plist.xml; path = Info.plist; sourceTree = "<group>"; };
		00E356F21AD99517003FC87E /* ButtonComponentExampleTests.m */ = {isa = PBXFileReference; lastKnownFileType = sourcecode.c.objc; path = ButtonComponentExampleTests.m; sourceTree = "<group>"; };
		0F7C4CBA99164B1292CC9C4A /* libBVLinearGradient.a */ = {isa = PBXFileReference; explicitFileType = undefined; fileEncoding = 9; includeInIndex = 0; lastKnownFileType = archive.ar; path = libBVLinearGradient.a; sourceTree = "<group>"; };
		139105B61AF99BAD00B5F7CC /* RCTSettings.xcodeproj */ = {isa = PBXFileReference; lastKnownFileType = "wrapper.pb-project"; name = RCTSettings.xcodeproj; path = "../node_modules/react-native/Libraries/Settings/RCTSettings.xcodeproj"; sourceTree = "<group>"; };
		139FDEE61B06529A00C62182 /* RCTWebSocket.xcodeproj */ = {isa = PBXFileReference; lastKnownFileType = "wrapper.pb-project"; name = RCTWebSocket.xcodeproj; path = "../node_modules/react-native/Libraries/WebSocket/RCTWebSocket.xcodeproj"; sourceTree = "<group>"; };
		13B07F961A680F5B00A75B9A /* ButtonComponentExample.app */ = {isa = PBXFileReference; explicitFileType = wrapper.application; includeInIndex = 0; path = ButtonComponentExample.app; sourceTree = BUILT_PRODUCTS_DIR; };
		13B07FAF1A68108700A75B9A /* AppDelegate.h */ = {isa = PBXFileReference; fileEncoding = 4; lastKnownFileType = sourcecode.c.h; name = AppDelegate.h; path = ButtonComponentExample/AppDelegate.h; sourceTree = "<group>"; };
		13B07FB01A68108700A75B9A /* AppDelegate.m */ = {isa = PBXFileReference; fileEncoding = 4; lastKnownFileType = sourcecode.c.objc; name = AppDelegate.m; path = ButtonComponentExample/AppDelegate.m; sourceTree = "<group>"; };
		13B07FB21A68108700A75B9A /* Base */ = {isa = PBXFileReference; lastKnownFileType = file.xib; name = Base; path = Base.lproj/LaunchScreen.xib; sourceTree = "<group>"; };
		13B07FB51A68108700A75B9A /* Images.xcassets */ = {isa = PBXFileReference; lastKnownFileType = folder.assetcatalog; name = Images.xcassets; path = ButtonComponentExample/Images.xcassets; sourceTree = "<group>"; };
		13B07FB61A68108700A75B9A /* Info.plist */ = {isa = PBXFileReference; fileEncoding = 4; lastKnownFileType = text.plist.xml; name = Info.plist; path = ButtonComponentExample/Info.plist; sourceTree = "<group>"; };
		13B07FB71A68108700A75B9A /* main.m */ = {isa = PBXFileReference; fileEncoding = 4; lastKnownFileType = sourcecode.c.objc; name = main.m; path = ButtonComponentExample/main.m; sourceTree = "<group>"; };
		146833FF1AC3E56700842450 /* React.xcodeproj */ = {isa = PBXFileReference; lastKnownFileType = "wrapper.pb-project"; name = React.xcodeproj; path = "../node_modules/react-native/React/React.xcodeproj"; sourceTree = "<group>"; };
		1731C42D111248BA921DAFAE /* EvilIcons.ttf */ = {isa = PBXFileReference; explicitFileType = undefined; fileEncoding = 9; includeInIndex = 0; lastKnownFileType = unknown; name = EvilIcons.ttf; path = "../node_modules/react-native-vector-icons/Fonts/EvilIcons.ttf"; sourceTree = "<group>"; };
		1C537F01680641C19A025067 /* MaterialIcons.ttf */ = {isa = PBXFileReference; explicitFileType = undefined; fileEncoding = 9; includeInIndex = 0; lastKnownFileType = unknown; name = MaterialIcons.ttf; path = "../node_modules/react-native-vector-icons/Fonts/MaterialIcons.ttf"; sourceTree = "<group>"; };
		2C4916CEB29444228F463D39 /* libRNSpinkit.a */ = {isa = PBXFileReference; explicitFileType = undefined; fileEncoding = 9; includeInIndex = 0; lastKnownFileType = archive.ar; path = libRNSpinkit.a; sourceTree = "<group>"; };
		4C0E71C85CF945DCBEC261A0 /* Ionicons.ttf */ = {isa = PBXFileReference; explicitFileType = undefined; fileEncoding = 9; includeInIndex = 0; lastKnownFileType = unknown; name = Ionicons.ttf; path = "../node_modules/react-native-vector-icons/Fonts/Ionicons.ttf"; sourceTree = "<group>"; };
		5148015667974B2AAC0A110C /* RNSpinkit.xcodeproj */ = {isa = PBXFileReference; explicitFileType = undefined; fileEncoding = 9; includeInIndex = 0; lastKnownFileType = "wrapper.pb-project"; name = RNSpinkit.xcodeproj; path = "../node_modules/react-native-spinkit/ios/RNSpinkit.xcodeproj"; sourceTree = "<group>"; };
		54292FE0102243E087635E71 /* Octicons.ttf */ = {isa = PBXFileReference; explicitFileType = undefined; fileEncoding = 9; includeInIndex = 0; lastKnownFileType = unknown; name = Octicons.ttf; path = "../node_modules/react-native-vector-icons/Fonts/Octicons.ttf"; sourceTree = "<group>"; };
		63B829E53A8846DBA8DE012D /* RNVectorIcons.xcodeproj */ = {isa = PBXFileReference; explicitFileType = undefined; fileEncoding = 9; includeInIndex = 0; lastKnownFileType = "wrapper.pb-project"; name = RNVectorIcons.xcodeproj; path = "../node_modules/react-native-vector-icons/RNVectorIcons.xcodeproj"; sourceTree = "<group>"; };
		78C398B01ACF4ADC00677621 /* RCTLinking.xcodeproj */ = {isa = PBXFileReference; lastKnownFileType = "wrapper.pb-project"; name = RCTLinking.xcodeproj; path = "../node_modules/react-native/Libraries/LinkingIOS/RCTLinking.xcodeproj"; sourceTree = "<group>"; };
		832341B01AAA6A8300B99B32 /* RCTText.xcodeproj */ = {isa = PBXFileReference; lastKnownFileType = "wrapper.pb-project"; name = RCTText.xcodeproj; path = "../node_modules/react-native/Libraries/Text/RCTText.xcodeproj"; sourceTree = "<group>"; };
		9801950B38E6476988031F74 /* Zocial.ttf */ = {isa = PBXFileReference; explicitFileType = undefined; fileEncoding = 9; includeInIndex = 0; lastKnownFileType = unknown; name = Zocial.ttf; path = "../node_modules/react-native-vector-icons/Fonts/Zocial.ttf"; sourceTree = "<group>"; };
		AB8CC15CF8DD4586B44BCBF2 /* libRNVectorIcons.a */ = {isa = PBXFileReference; explicitFileType = undefined; fileEncoding = 9; includeInIndex = 0; lastKnownFileType = archive.ar; path = libRNVectorIcons.a; sourceTree = "<group>"; };
		B76167311D5CD6630013E887 /* ART.xcodeproj */ = {isa = PBXFileReference; lastKnownFileType = "wrapper.pb-project"; name = ART.xcodeproj; path = "../node_modules/react-native/Libraries/ART/ART.xcodeproj"; sourceTree = "<group>"; };
		B76F2CF11D5DECA600BF87F1 /* main.jsbundle */ = {isa = PBXFileReference; fileEncoding = 4; lastKnownFileType = text; path = main.jsbundle; sourceTree = "<group>"; };
		BDFC5A8A00FC4775A2239CA5 /* Entypo.ttf */ = {isa = PBXFileReference; explicitFileType = undefined; fileEncoding = 9; includeInIndex = 0; lastKnownFileType = unknown; name = Entypo.ttf; path = "../node_modules/react-native-vector-icons/Fonts/Entypo.ttf"; sourceTree = "<group>"; };
		D0FEE3B5FCD44C8CBEA1226C /* Foundation.ttf */ = {isa = PBXFileReference; explicitFileType = undefined; fileEncoding = 9; includeInIndex = 0; lastKnownFileType = unknown; name = Foundation.ttf; path = "../node_modules/react-native-vector-icons/Fonts/Foundation.ttf"; sourceTree = "<group>"; };
		E672FA9B13C645C1B9ADCAC8 /* FontAwesome.ttf */ = {isa = PBXFileReference; explicitFileType = undefined; fileEncoding = 9; includeInIndex = 0; lastKnownFileType = unknown; name = FontAwesome.ttf; path = "../node_modules/react-native-vector-icons/Fonts/FontAwesome.ttf"; sourceTree = "<group>"; };
		F46C2435F00740579C8485AE /* BVLinearGradient.xcodeproj */ = {isa = PBXFileReference; explicitFileType = undefined; fileEncoding = 9; includeInIndex = 0; lastKnownFileType = "wrapper.pb-project"; name = BVLinearGradient.xcodeproj; path = "../node_modules/react-native-linear-gradient/BVLinearGradient.xcodeproj"; sourceTree = "<group>"; };
/* End PBXFileReference section */

/* Begin PBXFrameworksBuildPhase section */
		00E356EB1AD99517003FC87E /* Frameworks */ = {
			isa = PBXFrameworksBuildPhase;
			buildActionMask = 2147483647;
			files = (
				140ED2AC1D01E1AD002B40FF /* libReact.a in Frameworks */,
			);
			runOnlyForDeploymentPostprocessing = 0;
		};
		13B07F8C1A680F5B00A75B9A /* Frameworks */ = {
			isa = PBXFrameworksBuildPhase;
			buildActionMask = 2147483647;
			files = (
				B76167421D5CD6CC0013E887 /* libART.a in Frameworks */,
				146834051AC3E58100842450 /* libReact.a in Frameworks */,
				00C302E51ABCBA2D00DB3ED1 /* libRCTActionSheet.a in Frameworks */,
				00C302E71ABCBA2D00DB3ED1 /* libRCTGeolocation.a in Frameworks */,
				00C302E81ABCBA2D00DB3ED1 /* libRCTImage.a in Frameworks */,
				133E29F31AD74F7200F7D852 /* libRCTLinking.a in Frameworks */,
				00C302E91ABCBA2D00DB3ED1 /* libRCTNetwork.a in Frameworks */,
				139105C61AF99C1200B5F7CC /* libRCTSettings.a in Frameworks */,
				832341BD1AAA6AB300B99B32 /* libRCTText.a in Frameworks */,
				00C302EA1ABCBA2D00DB3ED1 /* libRCTVibration.a in Frameworks */,
				139FDEF61B0652A700C62182 /* libRCTWebSocket.a in Frameworks */,
				CF3CA7C2F8284ADD89C9E846 /* libBVLinearGradient.a in Frameworks */,
				A9561B7FD1E5431FB3CF2A02 /* libRNSpinkit.a in Frameworks */,
				34E21A035992437E86638CD1 /* libRNVectorIcons.a in Frameworks */,
			);
			runOnlyForDeploymentPostprocessing = 0;
		};
/* End PBXFrameworksBuildPhase section */

/* Begin PBXGroup section */
		00C302A81ABCB8CE00DB3ED1 /* Products */ = {
			isa = PBXGroup;
			children = (
				00C302AC1ABCB8CE00DB3ED1 /* libRCTActionSheet.a */,
			);
			name = Products;
			sourceTree = "<group>";
		};
		00C302B61ABCB90400DB3ED1 /* Products */ = {
			isa = PBXGroup;
			children = (
				00C302BA1ABCB90400DB3ED1 /* libRCTGeolocation.a */,
			);
			name = Products;
			sourceTree = "<group>";
		};
		00C302BC1ABCB91800DB3ED1 /* Products */ = {
			isa = PBXGroup;
			children = (
				00C302C01ABCB91800DB3ED1 /* libRCTImage.a */,
			);
			name = Products;
			sourceTree = "<group>";
		};
		00C302D41ABCB9D200DB3ED1 /* Products */ = {
			isa = PBXGroup;
			children = (
				00C302DC1ABCB9D200DB3ED1 /* libRCTNetwork.a */,
			);
			name = Products;
			sourceTree = "<group>";
		};
		00C302E01ABCB9EE00DB3ED1 /* Products */ = {
			isa = PBXGroup;
			children = (
				00C302E41ABCB9EE00DB3ED1 /* libRCTVibration.a */,
			);
			name = Products;
			sourceTree = "<group>";
		};
		00E356EF1AD99517003FC87E /* ButtonComponentExampleTests */ = {
			isa = PBXGroup;
			children = (
				00E356F21AD99517003FC87E /* ButtonComponentExampleTests.m */,
				00E356F01AD99517003FC87E /* Supporting Files */,
			);
			path = ButtonComponentExampleTests;
			sourceTree = "<group>";
		};
		00E356F01AD99517003FC87E /* Supporting Files */ = {
			isa = PBXGroup;
			children = (
				00E356F11AD99517003FC87E /* Info.plist */,
			);
			name = "Supporting Files";
			sourceTree = "<group>";
		};
		139105B71AF99BAD00B5F7CC /* Products */ = {
			isa = PBXGroup;
			children = (
				139105C11AF99BAD00B5F7CC /* libRCTSettings.a */,
			);
			name = Products;
			sourceTree = "<group>";
		};
		139FDEE71B06529A00C62182 /* Products */ = {
			isa = PBXGroup;
			children = (
				139FDEF41B06529B00C62182 /* libRCTWebSocket.a */,
			);
			name = Products;
			sourceTree = "<group>";
		};
		13B07FAE1A68108700A75B9A /* ButtonComponentExample */ = {
			isa = PBXGroup;
			children = (
				B76F2CF11D5DECA600BF87F1 /* main.jsbundle */,
				13B07FAF1A68108700A75B9A /* AppDelegate.h */,
				13B07FB01A68108700A75B9A /* AppDelegate.m */,
				13B07FB51A68108700A75B9A /* Images.xcassets */,
				13B07FB61A68108700A75B9A /* Info.plist */,
				13B07FB11A68108700A75B9A /* LaunchScreen.xib */,
				13B07FB71A68108700A75B9A /* main.m */,
			);
			name = ButtonComponentExample;
			sourceTree = "<group>";
		};
		146834001AC3E56700842450 /* Products */ = {
			isa = PBXGroup;
			children = (
				146834041AC3E56700842450 /* libReact.a */,
			);
			name = Products;
			sourceTree = "<group>";
		};
		78C398B11ACF4ADC00677621 /* Products */ = {
			isa = PBXGroup;
			children = (
				78C398B91ACF4ADC00677621 /* libRCTLinking.a */,
			);
			name = Products;
			sourceTree = "<group>";
		};
		832341AE1AAA6A7D00B99B32 /* Libraries */ = {
			isa = PBXGroup;
			children = (
				146833FF1AC3E56700842450 /* React.xcodeproj */,
				00C302A71ABCB8CE00DB3ED1 /* RCTActionSheet.xcodeproj */,
				00C302B51ABCB90400DB3ED1 /* RCTGeolocation.xcodeproj */,
				00C302BB1ABCB91800DB3ED1 /* RCTImage.xcodeproj */,
				78C398B01ACF4ADC00677621 /* RCTLinking.xcodeproj */,
				00C302D31ABCB9D200DB3ED1 /* RCTNetwork.xcodeproj */,
				139105B61AF99BAD00B5F7CC /* RCTSettings.xcodeproj */,
				832341B01AAA6A8300B99B32 /* RCTText.xcodeproj */,
				00C302DF1ABCB9EE00DB3ED1 /* RCTVibration.xcodeproj */,
				139FDEE61B06529A00C62182 /* RCTWebSocket.xcodeproj */,
				F46C2435F00740579C8485AE /* BVLinearGradient.xcodeproj */,
				5148015667974B2AAC0A110C /* RNSpinkit.xcodeproj */,
				63B829E53A8846DBA8DE012D /* RNVectorIcons.xcodeproj */,
			);
			name = Libraries;
			sourceTree = "<group>";
		};
		832341B11AAA6A8300B99B32 /* Products */ = {
			isa = PBXGroup;
			children = (
				832341B51AAA6A8300B99B32 /* libRCTText.a */,
			);
			name = Products;
			sourceTree = "<group>";
		};
		83CBB9F61A601CBA00E9B192 = {
			isa = PBXGroup;
			children = (
				B76167311D5CD6630013E887 /* ART.xcodeproj */,
				13B07FAE1A68108700A75B9A /* ButtonComponentExample */,
				832341AE1AAA6A7D00B99B32 /* Libraries */,
				00E356EF1AD99517003FC87E /* ButtonComponentExampleTests */,
				83CBBA001A601CBA00E9B192 /* Products */,
				D9EE6150261E4E08881A31CD /* Resources */,
			);
			indentWidth = 2;
			sourceTree = "<group>";
			tabWidth = 2;
		};
		83CBBA001A601CBA00E9B192 /* Products */ = {
			isa = PBXGroup;
			children = (
				13B07F961A680F5B00A75B9A /* ButtonComponentExample.app */,
				00E356EE1AD99517003FC87E /* ButtonComponentExampleTests.xctest */,
			);
			name = Products;
			sourceTree = "<group>";
		};
		B753D6A71D6C9E050006C273 /* Products */ = {
			isa = PBXGroup;
			children = (
				B753D6B81D6C9E050006C273 /* libRNVectorIcons.a */,
			);
			name = Products;
			sourceTree = "<group>";
		};
		B76167321D5CD6630013E887 /* Products */ = {
			isa = PBXGroup;
			children = (
				B76167361D5CD6630013E887 /* libART.a */,
			);
			name = Products;
			sourceTree = "<group>";
		};
		B76F2CE01D5DAB0900BF87F1 /* Products */ = {
			isa = PBXGroup;
			children = (
				B76F2CF01D5DAB0900BF87F1 /* libRNSpinkit.a */,
			);
			name = Products;
			sourceTree = "<group>";
		};
		B77EAAD71D56537E00B5FDA8 /* Products */ = {
			isa = PBXGroup;
			children = (
				B77EAADB1D56537E00B5FDA8 /* libBVLinearGradient.a */,
			);
			name = Products;
			sourceTree = "<group>";
		};
		D9EE6150261E4E08881A31CD /* Resources */ = {
			isa = PBXGroup;
			children = (
				BDFC5A8A00FC4775A2239CA5 /* Entypo.ttf */,
				1731C42D111248BA921DAFAE /* EvilIcons.ttf */,
				E672FA9B13C645C1B9ADCAC8 /* FontAwesome.ttf */,
				D0FEE3B5FCD44C8CBEA1226C /* Foundation.ttf */,
				4C0E71C85CF945DCBEC261A0 /* Ionicons.ttf */,
				1C537F01680641C19A025067 /* MaterialIcons.ttf */,
				54292FE0102243E087635E71 /* Octicons.ttf */,
				9801950B38E6476988031F74 /* Zocial.ttf */,
			);
			name = Resources;
			sourceTree = "<group>";
		};
/* End PBXGroup section */

/* Begin PBXNativeTarget section */
		00E356ED1AD99517003FC87E /* ButtonComponentExampleTests */ = {
			isa = PBXNativeTarget;
			buildConfigurationList = 00E357021AD99517003FC87E /* Build configuration list for PBXNativeTarget "ButtonComponentExampleTests" */;
			buildPhases = (
				00E356EA1AD99517003FC87E /* Sources */,
				00E356EB1AD99517003FC87E /* Frameworks */,
				00E356EC1AD99517003FC87E /* Resources */,
			);
			buildRules = (
			);
			dependencies = (
				00E356F51AD99517003FC87E /* PBXTargetDependency */,
			);
			name = ButtonComponentExampleTests;
			productName = ButtonComponentExampleTests;
			productReference = 00E356EE1AD99517003FC87E /* ButtonComponentExampleTests.xctest */;
			productType = "com.apple.product-type.bundle.unit-test";
		};
		13B07F861A680F5B00A75B9A /* ButtonComponentExample */ = {
			isa = PBXNativeTarget;
			buildConfigurationList = 13B07F931A680F5B00A75B9A /* Build configuration list for PBXNativeTarget "ButtonComponentExample" */;
			buildPhases = (
				13B07F871A680F5B00A75B9A /* Sources */,
				13B07F8C1A680F5B00A75B9A /* Frameworks */,
				13B07F8E1A680F5B00A75B9A /* Resources */,
				00DD1BFF1BD5951E006B06BC /* Bundle React Native code and images */,
			);
			buildRules = (
			);
			dependencies = (
			);
			name = ButtonComponentExample;
			productName = "Hello World";
			productReference = 13B07F961A680F5B00A75B9A /* ButtonComponentExample.app */;
			productType = "com.apple.product-type.application";
		};
/* End PBXNativeTarget section */

/* Begin PBXProject section */
		83CBB9F71A601CBA00E9B192 /* Project object */ = {
			isa = PBXProject;
			attributes = {
				LastUpgradeCheck = 610;
				ORGANIZATIONNAME = Facebook;
				TargetAttributes = {
					00E356ED1AD99517003FC87E = {
						CreatedOnToolsVersion = 6.2;
						TestTargetID = 13B07F861A680F5B00A75B9A;
					};
					13B07F861A680F5B00A75B9A = {
						DevelopmentTeam = 7TEX976XEW;
					};
				};
			};
			buildConfigurationList = 83CBB9FA1A601CBA00E9B192 /* Build configuration list for PBXProject "ButtonComponentExample" */;
			compatibilityVersion = "Xcode 3.2";
			developmentRegion = English;
			hasScannedForEncodings = 0;
			knownRegions = (
				en,
				Base,
			);
			mainGroup = 83CBB9F61A601CBA00E9B192;
			productRefGroup = 83CBBA001A601CBA00E9B192 /* Products */;
			projectDirPath = "";
			projectReferences = (
				{
					ProductGroup = B76167321D5CD6630013E887 /* Products */;
					ProjectRef = B76167311D5CD6630013E887 /* ART.xcodeproj */;
				},
				{
					ProductGroup = B77EAAD71D56537E00B5FDA8 /* Products */;
					ProjectRef = F46C2435F00740579C8485AE /* BVLinearGradient.xcodeproj */;
				},
				{
					ProductGroup = 00C302A81ABCB8CE00DB3ED1 /* Products */;
					ProjectRef = 00C302A71ABCB8CE00DB3ED1 /* RCTActionSheet.xcodeproj */;
				},
				{
					ProductGroup = 00C302B61ABCB90400DB3ED1 /* Products */;
					ProjectRef = 00C302B51ABCB90400DB3ED1 /* RCTGeolocation.xcodeproj */;
				},
				{
					ProductGroup = 00C302BC1ABCB91800DB3ED1 /* Products */;
					ProjectRef = 00C302BB1ABCB91800DB3ED1 /* RCTImage.xcodeproj */;
				},
				{
					ProductGroup = 78C398B11ACF4ADC00677621 /* Products */;
					ProjectRef = 78C398B01ACF4ADC00677621 /* RCTLinking.xcodeproj */;
				},
				{
					ProductGroup = 00C302D41ABCB9D200DB3ED1 /* Products */;
					ProjectRef = 00C302D31ABCB9D200DB3ED1 /* RCTNetwork.xcodeproj */;
				},
				{
					ProductGroup = 139105B71AF99BAD00B5F7CC /* Products */;
					ProjectRef = 139105B61AF99BAD00B5F7CC /* RCTSettings.xcodeproj */;
				},
				{
					ProductGroup = 832341B11AAA6A8300B99B32 /* Products */;
					ProjectRef = 832341B01AAA6A8300B99B32 /* RCTText.xcodeproj */;
				},
				{
					ProductGroup = 00C302E01ABCB9EE00DB3ED1 /* Products */;
					ProjectRef = 00C302DF1ABCB9EE00DB3ED1 /* RCTVibration.xcodeproj */;
				},
				{
					ProductGroup = 139FDEE71B06529A00C62182 /* Products */;
					ProjectRef = 139FDEE61B06529A00C62182 /* RCTWebSocket.xcodeproj */;
				},
				{
					ProductGroup = 146834001AC3E56700842450 /* Products */;
					ProjectRef = 146833FF1AC3E56700842450 /* React.xcodeproj */;
				},
				{
					ProductGroup = B76F2CE01D5DAB0900BF87F1 /* Products */;
					ProjectRef = 5148015667974B2AAC0A110C /* RNSpinkit.xcodeproj */;
				},
				{
					ProductGroup = B753D6A71D6C9E050006C273 /* Products */;
					ProjectRef = 63B829E53A8846DBA8DE012D /* RNVectorIcons.xcodeproj */;
				},
			);
			projectRoot = "";
			targets = (
				13B07F861A680F5B00A75B9A /* ButtonComponentExample */,
				00E356ED1AD99517003FC87E /* ButtonComponentExampleTests */,
			);
		};
/* End PBXProject section */

/* Begin PBXReferenceProxy section */
		00C302AC1ABCB8CE00DB3ED1 /* libRCTActionSheet.a */ = {
			isa = PBXReferenceProxy;
			fileType = archive.ar;
			path = libRCTActionSheet.a;
			remoteRef = 00C302AB1ABCB8CE00DB3ED1 /* PBXContainerItemProxy */;
			sourceTree = BUILT_PRODUCTS_DIR;
		};
		00C302BA1ABCB90400DB3ED1 /* libRCTGeolocation.a */ = {
			isa = PBXReferenceProxy;
			fileType = archive.ar;
			path = libRCTGeolocation.a;
			remoteRef = 00C302B91ABCB90400DB3ED1 /* PBXContainerItemProxy */;
			sourceTree = BUILT_PRODUCTS_DIR;
		};
		00C302C01ABCB91800DB3ED1 /* libRCTImage.a */ = {
			isa = PBXReferenceProxy;
			fileType = archive.ar;
			path = libRCTImage.a;
			remoteRef = 00C302BF1ABCB91800DB3ED1 /* PBXContainerItemProxy */;
			sourceTree = BUILT_PRODUCTS_DIR;
		};
		00C302DC1ABCB9D200DB3ED1 /* libRCTNetwork.a */ = {
			isa = PBXReferenceProxy;
			fileType = archive.ar;
			path = libRCTNetwork.a;
			remoteRef = 00C302DB1ABCB9D200DB3ED1 /* PBXContainerItemProxy */;
			sourceTree = BUILT_PRODUCTS_DIR;
		};
		00C302E41ABCB9EE00DB3ED1 /* libRCTVibration.a */ = {
			isa = PBXReferenceProxy;
			fileType = archive.ar;
			path = libRCTVibration.a;
			remoteRef = 00C302E31ABCB9EE00DB3ED1 /* PBXContainerItemProxy */;
			sourceTree = BUILT_PRODUCTS_DIR;
		};
		139105C11AF99BAD00B5F7CC /* libRCTSettings.a */ = {
			isa = PBXReferenceProxy;
			fileType = archive.ar;
			path = libRCTSettings.a;
			remoteRef = 139105C01AF99BAD00B5F7CC /* PBXContainerItemProxy */;
			sourceTree = BUILT_PRODUCTS_DIR;
		};
		139FDEF41B06529B00C62182 /* libRCTWebSocket.a */ = {
			isa = PBXReferenceProxy;
			fileType = archive.ar;
			path = libRCTWebSocket.a;
			remoteRef = 139FDEF31B06529B00C62182 /* PBXContainerItemProxy */;
			sourceTree = BUILT_PRODUCTS_DIR;
		};
		146834041AC3E56700842450 /* libReact.a */ = {
			isa = PBXReferenceProxy;
			fileType = archive.ar;
			path = libReact.a;
			remoteRef = 146834031AC3E56700842450 /* PBXContainerItemProxy */;
			sourceTree = BUILT_PRODUCTS_DIR;
		};
		78C398B91ACF4ADC00677621 /* libRCTLinking.a */ = {
			isa = PBXReferenceProxy;
			fileType = archive.ar;
			path = libRCTLinking.a;
			remoteRef = 78C398B81ACF4ADC00677621 /* PBXContainerItemProxy */;
			sourceTree = BUILT_PRODUCTS_DIR;
		};
		832341B51AAA6A8300B99B32 /* libRCTText.a */ = {
			isa = PBXReferenceProxy;
			fileType = archive.ar;
			path = libRCTText.a;
			remoteRef = 832341B41AAA6A8300B99B32 /* PBXContainerItemProxy */;
			sourceTree = BUILT_PRODUCTS_DIR;
		};
		B753D6B81D6C9E050006C273 /* libRNVectorIcons.a */ = {
			isa = PBXReferenceProxy;
			fileType = archive.ar;
			path = libRNVectorIcons.a;
			remoteRef = B753D6B71D6C9E050006C273 /* PBXContainerItemProxy */;
			sourceTree = BUILT_PRODUCTS_DIR;
		};
		B76167361D5CD6630013E887 /* libART.a */ = {
			isa = PBXReferenceProxy;
			fileType = archive.ar;
			path = libART.a;
			remoteRef = B76167351D5CD6630013E887 /* PBXContainerItemProxy */;
			sourceTree = BUILT_PRODUCTS_DIR;
		};
		B76F2CF01D5DAB0900BF87F1 /* libRNSpinkit.a */ = {
			isa = PBXReferenceProxy;
			fileType = archive.ar;
			path = libRNSpinkit.a;
			remoteRef = B76F2CEF1D5DAB0900BF87F1 /* PBXContainerItemProxy */;
			sourceTree = BUILT_PRODUCTS_DIR;
		};
		B77EAADB1D56537E00B5FDA8 /* libBVLinearGradient.a */ = {
			isa = PBXReferenceProxy;
			fileType = archive.ar;
			path = libBVLinearGradient.a;
			remoteRef = B77EAADA1D56537E00B5FDA8 /* PBXContainerItemProxy */;
			sourceTree = BUILT_PRODUCTS_DIR;
		};
/* End PBXReferenceProxy section */

/* Begin PBXResourcesBuildPhase section */
		00E356EC1AD99517003FC87E /* Resources */ = {
			isa = PBXResourcesBuildPhase;
			buildActionMask = 2147483647;
			files = (
			);
			runOnlyForDeploymentPostprocessing = 0;
		};
		13B07F8E1A680F5B00A75B9A /* Resources */ = {
			isa = PBXResourcesBuildPhase;
			buildActionMask = 2147483647;
			files = (
				13B07FBF1A68108700A75B9A /* Images.xcassets in Resources */,
				B76F2CF21D5DECA600BF87F1 /* main.jsbundle in Resources */,
				13B07FBD1A68108700A75B9A /* LaunchScreen.xib in Resources */,
				F16D506BA0974F23A7FC0698 /* Entypo.ttf in Resources */,
				C1571693096C4216B3EA4C68 /* EvilIcons.ttf in Resources */,
				FCE8CEDD2DD84D32B57E651D /* FontAwesome.ttf in Resources */,
				D94DB1B4328D4D169333EC0B /* Foundation.ttf in Resources */,
				720A3DD96882467E862BCBCF /* Ionicons.ttf in Resources */,
				E6FA3E460DE240169027B2F9 /* MaterialIcons.ttf in Resources */,
				2EB6785E7E6740C3A5CB80BA /* Octicons.ttf in Resources */,
				461AA65BA5744C1DB28486B1 /* Zocial.ttf in Resources */,
			);
			runOnlyForDeploymentPostprocessing = 0;
		};
/* End PBXResourcesBuildPhase section */

/* Begin PBXShellScriptBuildPhase section */
		00DD1BFF1BD5951E006B06BC /* Bundle React Native code and images */ = {
			isa = PBXShellScriptBuildPhase;
			buildActionMask = 2147483647;
			files = (
			);
			inputPaths = (
			);
			name = "Bundle React Native code and images";
			outputPaths = (
			);
			runOnlyForDeploymentPostprocessing = 0;
			shellPath = /bin/sh;
			shellScript = "export NODE_BINARY=node\n../node_modules/react-native/packager/react-native-xcode.sh";
		};
/* End PBXShellScriptBuildPhase section */

/* Begin PBXSourcesBuildPhase section */
		00E356EA1AD99517003FC87E /* Sources */ = {
			isa = PBXSourcesBuildPhase;
			buildActionMask = 2147483647;
			files = (
				00E356F31AD99517003FC87E /* ButtonComponentExampleTests.m in Sources */,
			);
			runOnlyForDeploymentPostprocessing = 0;
		};
		13B07F871A680F5B00A75B9A /* Sources */ = {
			isa = PBXSourcesBuildPhase;
			buildActionMask = 2147483647;
			files = (
				13B07FBC1A68108700A75B9A /* AppDelegate.m in Sources */,
				13B07FC11A68108700A75B9A /* main.m in Sources */,
			);
			runOnlyForDeploymentPostprocessing = 0;
		};
/* End PBXSourcesBuildPhase section */

/* Begin PBXTargetDependency section */
		00E356F51AD99517003FC87E /* PBXTargetDependency */ = {
			isa = PBXTargetDependency;
			target = 13B07F861A680F5B00A75B9A /* ButtonComponentExample */;
			targetProxy = 00E356F41AD99517003FC87E /* PBXContainerItemProxy */;
		};
/* End PBXTargetDependency section */

/* Begin PBXVariantGroup section */
		13B07FB11A68108700A75B9A /* LaunchScreen.xib */ = {
			isa = PBXVariantGroup;
			children = (
				13B07FB21A68108700A75B9A /* Base */,
			);
			name = LaunchScreen.xib;
			path = ButtonComponentExample;
			sourceTree = "<group>";
		};
/* End PBXVariantGroup section */

/* Begin XCBuildConfiguration section */
		00E356F61AD99517003FC87E /* Debug */ = {
			isa = XCBuildConfiguration;
			buildSettings = {
				BUNDLE_LOADER = "$(TEST_HOST)";
				GCC_PREPROCESSOR_DEFINITIONS = (
					"DEBUG=1",
					"$(inherited)",
				);
				INFOPLIST_FILE = ButtonComponentExampleTests/Info.plist;
				IPHONEOS_DEPLOYMENT_TARGET = 8.2;
				LD_RUNPATH_SEARCH_PATHS = "$(inherited) @executable_path/Frameworks @loader_path/Frameworks";
				LIBRARY_SEARCH_PATHS = (
					"$(inherited)",
					"\"$(SRCROOT)/$(TARGET_NAME)\"",
					"\"$(SRCROOT)/$(TARGET_NAME)\"",
					"\"$(SRCROOT)/$(TARGET_NAME)\"",
				);
				PRODUCT_NAME = "$(TARGET_NAME)";
				TEST_HOST = "$(BUILT_PRODUCTS_DIR)/ButtonComponentExample.app/ButtonComponentExample";
			};
			name = Debug;
		};
		00E356F71AD99517003FC87E /* Release */ = {
			isa = XCBuildConfiguration;
			buildSettings = {
				BUNDLE_LOADER = "$(TEST_HOST)";
				COPY_PHASE_STRIP = NO;
				INFOPLIST_FILE = ButtonComponentExampleTests/Info.plist;
				IPHONEOS_DEPLOYMENT_TARGET = 8.2;
				LD_RUNPATH_SEARCH_PATHS = "$(inherited) @executable_path/Frameworks @loader_path/Frameworks";
				LIBRARY_SEARCH_PATHS = (
					"$(inherited)",
					"\"$(SRCROOT)/$(TARGET_NAME)\"",
					"\"$(SRCROOT)/$(TARGET_NAME)\"",
					"\"$(SRCROOT)/$(TARGET_NAME)\"",
				);
				PRODUCT_NAME = "$(TARGET_NAME)";
				TEST_HOST = "$(BUILT_PRODUCTS_DIR)/ButtonComponentExample.app/ButtonComponentExample";
			};
			name = Release;
		};
		13B07F941A680F5B00A75B9A /* Debug */ = {
			isa = XCBuildConfiguration;
			buildSettings = {
				ASSETCATALOG_COMPILER_APPICON_NAME = AppIcon;
				CODE_SIGN_IDENTITY = "iPhone Developer";
				"CODE_SIGN_IDENTITY[sdk=iphoneos*]" = "iPhone Developer";
				DEAD_CODE_STRIPPING = NO;
				HEADER_SEARCH_PATHS = (
					"$(inherited)",
					/Applications/Xcode.app/Contents/Developer/Toolchains/XcodeDefault.xctoolchain/usr/include,
					"$(SRCROOT)/../node_modules/react-native/React/**",
					"$(SRCROOT)/../node_modules/react-native-linear-gradient/BVLinearGradient",
					"$(SRCROOT)/../node_modules/react-native-spinkit/ios/**",
					"$(SRCROOT)/../node_modules/react-native-vector-icons/RNVectorIconsManager",
				);
				INFOPLIST_FILE = ButtonComponentExample/Info.plist;
				LD_RUNPATH_SEARCH_PATHS = "$(inherited) @executable_path/Frameworks";
				OTHER_LDFLAGS = (
					"$(inherited)",
					"-ObjC",
					"-lc++",
				);
				PRODUCT_NAME = ButtonComponentExample;
				PROVISIONING_PROFILE = "";
			};
			name = Debug;
		};
		13B07F951A680F5B00A75B9A /* Release */ = {
			isa = XCBuildConfiguration;
			buildSettings = {
				ASSETCATALOG_COMPILER_APPICON_NAME = AppIcon;
				CODE_SIGN_IDENTITY = "iPhone Developer";
				"CODE_SIGN_IDENTITY[sdk=iphoneos*]" = "iPhone Developer";
				HEADER_SEARCH_PATHS = (
					"$(inherited)",
					/Applications/Xcode.app/Contents/Developer/Toolchains/XcodeDefault.xctoolchain/usr/include,
					"$(SRCROOT)/../node_modules/react-native/React/**",
					"$(SRCROOT)/../node_modules/react-native-linear-gradient/BVLinearGradient",
					"$(SRCROOT)/../node_modules/react-native-spinkit/ios/**",
					"$(SRCROOT)/../node_modules/react-native-vector-icons/RNVectorIconsManager",
				);
				INFOPLIST_FILE = ButtonComponentExample/Info.plist;
				LD_RUNPATH_SEARCH_PATHS = "$(inherited) @executable_path/Frameworks";
				OTHER_LDFLAGS = (
					"$(inherited)",
					"-ObjC",
					"-lc++",
				);
				PRODUCT_NAME = ButtonComponentExample;
				PROVISIONING_PROFILE = "";
			};
			name = Release;
		};
		83CBBA201A601CBA00E9B192 /* Debug */ = {
			isa = XCBuildConfiguration;
			buildSettings = {
				ALWAYS_SEARCH_USER_PATHS = NO;
				CLANG_CXX_LANGUAGE_STANDARD = "gnu++0x";
				CLANG_CXX_LIBRARY = "libc++";
				CLANG_ENABLE_MODULES = YES;
				CLANG_ENABLE_OBJC_ARC = YES;
				CLANG_WARN_BOOL_CONVERSION = YES;
				CLANG_WARN_CONSTANT_CONVERSION = YES;
				CLANG_WARN_DIRECT_OBJC_ISA_USAGE = YES_ERROR;
				CLANG_WARN_EMPTY_BODY = YES;
				CLANG_WARN_ENUM_CONVERSION = YES;
				CLANG_WARN_INT_CONVERSION = YES;
				CLANG_WARN_OBJC_ROOT_CLASS = YES_ERROR;
				CLANG_WARN_UNREACHABLE_CODE = YES;
				CLANG_WARN__DUPLICATE_METHOD_MATCH = YES;
				"CODE_SIGN_IDENTITY[sdk=iphoneos*]" = "iPhone Developer";
				COPY_PHASE_STRIP = NO;
				ENABLE_STRICT_OBJC_MSGSEND = YES;
				GCC_C_LANGUAGE_STANDARD = gnu99;
				GCC_DYNAMIC_NO_PIC = NO;
				GCC_OPTIMIZATION_LEVEL = 0;
				GCC_PREPROCESSOR_DEFINITIONS = (
					"DEBUG=1",
					"$(inherited)",
				);
				GCC_SYMBOLS_PRIVATE_EXTERN = NO;
				GCC_WARN_64_TO_32_BIT_CONVERSION = YES;
				GCC_WARN_ABOUT_RETURN_TYPE = YES_ERROR;
				GCC_WARN_UNDECLARED_SELECTOR = YES;
				GCC_WARN_UNINITIALIZED_AUTOS = YES_AGGRESSIVE;
				GCC_WARN_UNUSED_FUNCTION = YES;
				GCC_WARN_UNUSED_VARIABLE = YES;
				HEADER_SEARCH_PATHS = (
					"$(inherited)",
					/Applications/Xcode.app/Contents/Developer/Toolchains/XcodeDefault.xctoolchain/usr/include,
					"$(SRCROOT)/../node_modules/react-native/React/**",
					"$(SRCROOT)/../node_modules/react-native-linear-gradient/BVLinearGradient",
					"$(SRCROOT)/../node_modules/react-native-spinkit/ios/**",
					"$(SRCROOT)/../node_modules/react-native-vector-icons/RNVectorIconsManager",
				);
				IPHONEOS_DEPLOYMENT_TARGET = 7.0;
				MTL_ENABLE_DEBUG_INFO = YES;
				ONLY_ACTIVE_ARCH = YES;
				SDKROOT = iphoneos;
			};
			name = Debug;
		};
		83CBBA211A601CBA00E9B192 /* Release */ = {
			isa = XCBuildConfiguration;
			buildSettings = {
				ALWAYS_SEARCH_USER_PATHS = NO;
				CLANG_CXX_LANGUAGE_STANDARD = "gnu++0x";
				CLANG_CXX_LIBRARY = "libc++";
				CLANG_ENABLE_MODULES = YES;
				CLANG_ENABLE_OBJC_ARC = YES;
				CLANG_WARN_BOOL_CONVERSION = YES;
				CLANG_WARN_CONSTANT_CONVERSION = YES;
				CLANG_WARN_DIRECT_OBJC_ISA_USAGE = YES_ERROR;
				CLANG_WARN_EMPTY_BODY = YES;
				CLANG_WARN_ENUM_CONVERSION = YES;
				CLANG_WARN_INT_CONVERSION = YES;
				CLANG_WARN_OBJC_ROOT_CLASS = YES_ERROR;
				CLANG_WARN_UNREACHABLE_CODE = YES;
				CLANG_WARN__DUPLICATE_METHOD_MATCH = YES;
				"CODE_SIGN_IDENTITY[sdk=iphoneos*]" = "iPhone Developer";
				COPY_PHASE_STRIP = YES;
				ENABLE_NS_ASSERTIONS = NO;
				ENABLE_STRICT_OBJC_MSGSEND = YES;
				GCC_C_LANGUAGE_STANDARD = gnu99;
				GCC_WARN_64_TO_32_BIT_CONVERSION = YES;
				GCC_WARN_ABOUT_RETURN_TYPE = YES_ERROR;
				GCC_WARN_UNDECLARED_SELECTOR = YES;
				GCC_WARN_UNINITIALIZED_AUTOS = YES_AGGRESSIVE;
				GCC_WARN_UNUSED_FUNCTION = YES;
				GCC_WARN_UNUSED_VARIABLE = YES;
				HEADER_SEARCH_PATHS = (
					"$(inherited)",
					/Applications/Xcode.app/Contents/Developer/Toolchains/XcodeDefault.xctoolchain/usr/include,
					"$(SRCROOT)/../node_modules/react-native/React/**",
					"$(SRCROOT)/../node_modules/react-native-linear-gradient/BVLinearGradient",
					"$(SRCROOT)/../node_modules/react-native-spinkit/ios/**",
					"$(SRCROOT)/../node_modules/react-native-vector-icons/RNVectorIconsManager",
				);
				IPHONEOS_DEPLOYMENT_TARGET = 7.0;
				MTL_ENABLE_DEBUG_INFO = NO;
				SDKROOT = iphoneos;
				VALIDATE_PRODUCT = YES;
			};
			name = Release;
		};
/* End XCBuildConfiguration section */

/* Begin XCConfigurationList section */
		00E357021AD99517003FC87E /* Build configuration list for PBXNativeTarget "ButtonComponentExampleTests" */ = {
			isa = XCConfigurationList;
			buildConfigurations = (
				00E356F61AD99517003FC87E /* Debug */,
				00E356F71AD99517003FC87E /* Release */,
			);
			defaultConfigurationIsVisible = 0;
			defaultConfigurationName = Release;
		};
		13B07F931A680F5B00A75B9A /* Build configuration list for PBXNativeTarget "ButtonComponentExample" */ = {
			isa = XCConfigurationList;
			buildConfigurations = (
				13B07F941A680F5B00A75B9A /* Debug */,
				13B07F951A680F5B00A75B9A /* Release */,
			);
			defaultConfigurationIsVisible = 0;
			defaultConfigurationName = Release;
		};
		83CBB9FA1A601CBA00E9B192 /* Build configuration list for PBXProject "ButtonComponentExample" */ = {
			isa = XCConfigurationList;
			buildConfigurations = (
				83CBBA201A601CBA00E9B192 /* Debug */,
				83CBBA211A601CBA00E9B192 /* Release */,
			);
			defaultConfigurationIsVisible = 0;
			defaultConfigurationName = Release;
		};
/* End XCConfigurationList section */
	};
	rootObject = 83CBB9F71A601CBA00E9B192 /* Project object */;
}
